{
  "pins" : [
    {
      "identity" : "valueanimator",
      "kind" : "remoteSourceControl",
      "location" : "https://github.com/brownsoo/ValueAnimator",
      "state" : {
        "revision" : "0c2fc0cea49592577c95c47cc6a714a294b67c32",
        "version" : "0.6.8"
      }
    }
  ],
  "version" : 2
}
