{
  "pins" : [
    {
      "identity" : "valueanimator",
      "kind" : "remoteSourceControl",
      "location" : "https://github.com/brownsoo/ValueAnimator",
      "state" : {
        "revision" : "c44dc74d9137bfa49925de3dc391824aa6f60df4",
        "version" : "0.6.8"
      }
    }
  ],
  "version" : 2
}
